
Microsoft Visual Studio Solution File, Format Version 12.00
# Visual Studio Version 16
VisualStudioVersion = 16.0.30225.117
MinimumVisualStudioVersion = 10.0.40219.1
Project("{F184B08F-C81C-45F6-A57F-5ABD9991F28F}") = "Spc", "Spc\Spc.vbproj", "{5C985227-3443-4595-A4F0-2C0DAB01F630}"
EndProject
Project("{2150E333-8FDC-42A3-9474-1A3956D46DE8}") = "Solution Items", "Solution Items", "{0B30394C-0BEE-49C8-8F72-9C3F1DE3EFE8}"
	ProjectSection(SolutionItems) = preProject
		.editorconfig = .editorconfig
	EndProjectSection
EndProject
Global
	GlobalSection(SolutionConfigurationPlatforms) = preSolution
		Debug|Any CPU = Debug|Any CPU
		Release|Any CPU = Release|Any CPU
	EndGlobalSection
	GlobalSection(ProjectConfigurationPlatforms) = postSolution
		{5C985227-3443-4595-A4F0-2C0DAB01F630}.Debug|Any CPU.ActiveCfg = Debug|Any CPU
		{5C985227-3443-4595-A4F0-2C0DAB01F630}.Debug|Any CPU.Build.0 = Debug|Any CPU
		{5C985227-3443-4595-A4F0-2C0DAB01F630}.Release|Any CPU.ActiveCfg = Release|Any CPU
		{5C985227-3443-4595-A4F0-2C0DAB01F630}.Release|Any CPU.Build.0 = Release|Any CPU
	EndGlobalSection
	GlobalSection(SolutionProperties) = preSolution
		HideSolutionNode = FALSE
	EndGlobalSection
	GlobalSection(ExtensibilityGlobals) = postSolution
		SolutionGuid = {F9A61DB9-7AE2-4333-AD7D-5898B91DB0D2}
	EndGlobalSection
EndGlobal
